
Microsoft Visual Studio Solution File, Format Version 12.00
# Visual Studio Version 16
VisualStudioVersion = 16.0.31019.35
MinimumVisualStudioVersion = 10.0.40219.1
Project("{FAE04EC0-301F-11D3-BF4B-00C04F79EFBC}") = "Ejecutor", "Ejecutor\Ejecutor.csproj", "{5B94DCFD-D8BE-469C-827E-BB621A070E3A}"
EndProject
Global
	GlobalSection(SolutionConfigurationPlatforms) = preSolution
		Debug|Any CPU = Debug|Any CPU
		Release|Any CPU = Release|Any CPU
	EndGlobalSection
	GlobalSection(ProjectConfigurationPlatforms) = postSolution
		{5B94DCFD-D8BE-469C-827E-BB621A070E3A}.Debug|Any CPU.ActiveCfg = Debug|Any CPU
		{5B94DCFD-D8BE-469C-827E-BB621A070E3A}.Debug|Any CPU.Build.0 = Debug|Any CPU
		{5B94DCFD-D8BE-469C-827E-BB621A070E3A}.Release|Any CPU.ActiveCfg = Release|Any CPU
		{5B94DCFD-D8BE-469C-827E-BB621A070E3A}.Release|Any CPU.Build.0 = Release|Any CPU
	EndGlobalSection
	GlobalSection(SolutionProperties) = preSolution
		HideSolutionNode = FALSE
	EndGlobalSection
	GlobalSection(ExtensibilityGlobals) = postSolution
		SolutionGuid = {48583514-1224-4785-9552-1F59190C8975}
	EndGlobalSection
EndGlobal
